
Microsoft Visual Studio Solution File, Format Version 12.00
# Visual Studio Version 17
VisualStudioVersion = 17.10.34607.79
MinimumVisualStudioVersion = 10.0.40219.1
Project("{FAE04EC0-301F-11D3-BF4B-00C04F79EFBC}") = "GlobalUsingTestProject", "GlobalUsingTestProject\GlobalUsingTestProject.csproj", "{910187E9-179D-4CBB-BEC3-884BFD826D4F}"
EndProject
Global
	GlobalSection(SolutionConfigurationPlatforms) = preSolution
		Debug|Any CPU = Debug|Any CPU
		Release|Any CPU = Release|Any CPU
	EndGlobalSection
	GlobalSection(ProjectConfigurationPlatforms) = postSolution
		{910187E9-179D-4CBB-BEC3-884BFD826D4F}.Debug|Any CPU.ActiveCfg = Debug|Any CPU
		{910187E9-179D-4CBB-BEC3-884BFD826D4F}.Debug|Any CPU.Build.0 = Debug|Any CPU
		{910187E9-179D-4CBB-BEC3-884BFD826D4F}.Debug|Any CPU.Deploy.0 = Debug|Any CPU
		{910187E9-179D-4CBB-BEC3-884BFD826D4F}.Release|Any CPU.ActiveCfg = Release|Any CPU
		{910187E9-179D-4CBB-BEC3-884BFD826D4F}.Release|Any CPU.Build.0 = Release|Any CPU
		{910187E9-179D-4CBB-BEC3-884BFD826D4F}.Release|Any CPU.Deploy.0 = Release|Any CPU
	EndGlobalSection
	GlobalSection(SolutionProperties) = preSolution
		HideSolutionNode = FALSE
	EndGlobalSection
	GlobalSection(ExtensibilityGlobals) = postSolution
		SolutionGuid = {BC481258-0400-4D50-8F00-D14F05DE688C}
	EndGlobalSection
EndGlobal
